
Microsoft Visual Studio Solution File, Format Version 12.00
# Visual Studio Version 16
VisualStudioVersion = 25.0.1705.7
MinimumVisualStudioVersion = 10.0.40219.1
Project("{FAE04EC0-301F-11D3-BF4B-00C04F79EFBC}") = "lab3_2", "lab3_2\lab3_2.csproj", "{DD690BCA-AAC5-4B94-8EA2-6B5815E04E55}"
EndProject
Global
	GlobalSection(SolutionConfigurationPlatforms) = preSolution
		Debug|Any CPU = Debug|Any CPU
		Release|Any CPU = Release|Any CPU
	EndGlobalSection
	GlobalSection(ProjectConfigurationPlatforms) = postSolution
		{DD690BCA-AAC5-4B94-8EA2-6B5815E04E55}.Debug|Any CPU.ActiveCfg = Debug|Any CPU
		{DD690BCA-AAC5-4B94-8EA2-6B5815E04E55}.Debug|Any CPU.Build.0 = Debug|Any CPU
		{DD690BCA-AAC5-4B94-8EA2-6B5815E04E55}.Release|Any CPU.ActiveCfg = Release|Any CPU
		{DD690BCA-AAC5-4B94-8EA2-6B5815E04E55}.Release|Any CPU.Build.0 = Release|Any CPU
	EndGlobalSection
	GlobalSection(SolutionProperties) = preSolution
		HideSolutionNode = FALSE
	EndGlobalSection
	GlobalSection(ExtensibilityGlobals) = postSolution
		SolutionGuid = {64D61481-A29C-4852-974A-3AAE4DA2B7EA}
	EndGlobalSection
EndGlobal
